Microsoft Visual Studio Solution File, Format Version 12.00
# Visual Studio Version 17
VisualStudioVersion = 17.0.31903.59
MinimumVisualStudioVersion = 10.0.40219.1
Project("{FAE04EC0-301F-11D3-BF4B-00C04F79EFBC}") = "Toolbox", "packages\Toolbox\Toolbox.csproj", "{A6B9FDE3-7F98-4D6C-9C89-CE1F61A4A77A}"
EndProject
Project("{FAE04EC0-301F-11D3-BF4B-00C04F79EFBC}") = "HorseFollower", "packages\HorseFollower\HorseFollower.csproj", "{9B1D5C62-5B7E-4E50-8FEF-7D5C0C45B4F8}"
EndProject
Project("{FAE04EC0-301F-11D3-BF4B-00C04F79EFBC}") = "HotkeyViewer", "packages\HotkeyViewer\HotkeyViewer.csproj", "{F4674940-8D2B-45EE-91A2-A3D974044D00}"
EndProject
Global
	GlobalSection(SolutionConfigurationPlatforms) = preSolution
		Debug|Any CPU = Debug|Any CPU
		Release|Any CPU = Release|Any CPU
	EndGlobalSection
	GlobalSection(ProjectConfigurationPlatforms) = postSolution
		{A6B9FDE3-7F98-4D6C-9C89-CE1F61A4A77A}.Debug|Any CPU.ActiveCfg = Debug|Any CPU
		{A6B9FDE3-7F98-4D6C-9C89-CE1F61A4A77A}.Debug|Any CPU.Build.0 = Debug|Any CPU
		{A6B9FDE3-7F98-4D6C-9C89-CE1F61A4A77A}.Release|Any CPU.ActiveCfg = Release|Any CPU
		{A6B9FDE3-7F98-4D6C-9C89-CE1F61A4A77A}.Release|Any CPU.Build.0 = Release|Any CPU
		{9B1D5C62-5B7E-4E50-8FEF-7D5C0C45B4F8}.Debug|Any CPU.ActiveCfg = Debug|Any CPU
		{9B1D5C62-5B7E-4E50-8FEF-7D5C0C45B4F8}.Debug|Any CPU.Build.0 = Debug|Any CPU
		{9B1D5C62-5B7E-4E50-8FEF-7D5C0C45B4F8}.Release|Any CPU.ActiveCfg = Release|Any CPU
		{9B1D5C62-5B7E-4E50-8FEF-7D5C0C45B4F8}.Release|Any CPU.Build.0 = Release|Any CPU
		{F4674940-8D2B-45EE-91A2-A3D974044D00}.Debug|Any CPU.ActiveCfg = Debug|Any CPU
		{F4674940-8D2B-45EE-91A2-A3D974044D00}.Debug|Any CPU.Build.0 = Debug|Any CPU
		{F4674940-8D2B-45EE-91A2-A3D974044D00}.Release|Any CPU.ActiveCfg = Release|Any CPU
		{F4674940-8D2B-45EE-91A2-A3D974044D00}.Release|Any CPU.Build.0 = Release|Any CPU
	EndGlobalSection
	GlobalSection(SolutionProperties) = preSolution
		HideSolutionNode = FALSE
	EndGlobalSection
EndGlobal
